
Microsoft Visual Studio Solution File, Format Version 12.00
# Visual Studio Version 16
VisualStudioVersion = 16.0.29209.62
MinimumVisualStudioVersion = 10.0.40219.1
Project("{FAE04EC0-301F-11D3-BF4B-00C04F79EFBC}") = "EmploymentArchiveInOracle", "EmploymentArchiveInOracle\EmploymentArchiveInOracle.csproj", "{C3C2838E-FCB0-4E90-81C0-0B5811389CD2}"
EndProject
Global
	GlobalSection(SolutionConfigurationPlatforms) = preSolution
		Debug|Any CPU = Debug|Any CPU
		Release|Any CPU = Release|Any CPU
	EndGlobalSection
	GlobalSection(ProjectConfigurationPlatforms) = postSolution
		{C3C2838E-FCB0-4E90-81C0-0B5811389CD2}.Debug|Any CPU.ActiveCfg = Debug|Any CPU
		{C3C2838E-FCB0-4E90-81C0-0B5811389CD2}.Debug|Any CPU.Build.0 = Debug|Any CPU
		{C3C2838E-FCB0-4E90-81C0-0B5811389CD2}.Release|Any CPU.ActiveCfg = Release|Any CPU
		{C3C2838E-FCB0-4E90-81C0-0B5811389CD2}.Release|Any CPU.Build.0 = Release|Any CPU
	EndGlobalSection
	GlobalSection(SolutionProperties) = preSolution
		HideSolutionNode = FALSE
	EndGlobalSection
	GlobalSection(ExtensibilityGlobals) = postSolution
		SolutionGuid = {595D2EEF-A82A-4E2F-8659-F7A69A75F9BF}
	EndGlobalSection
EndGlobal
